// !$*UTF8*$!
{
	archiveVersion = 1;
	classes = {
	};
	objectVersion = 50;
	objects = {

/* Begin PBXBuildFile section */
		CAEDD5ED233BCF57004EF53D /* AppDelegate.swift in Sources */ = {isa = PBXBuildFile; fileRef = CAEDD5EC233BCF57004EF53D /* AppDelegate.swift */; };
		CAEDD5EF233BCF57004EF53D /* SceneDelegate.swift in Sources */ = {isa = PBXBuildFile; fileRef = CAEDD5EE233BCF57004EF53D /* SceneDelegate.swift */; };
		CAEDD5F1233BCF57004EF53D /* ViewController.swift in Sources */ = {isa = PBXBuildFile; fileRef = CAEDD5F0233BCF57004EF53D /* ViewController.swift */; };
		CAEDD5F4233BCF57004EF53D /* Main.storyboard in Resources */ = {isa = PBXBuildFile; fileRef = CAEDD5F2233BCF57004EF53D /* Main.storyboard */; };
		CAEDD5F6233BCF58004EF53D /* Assets.xcassets in Resources */ = {isa = PBXBuildFile; fileRef = CAEDD5F5233BCF58004EF53D /* Assets.xcassets */; };
		CAEDD5F9233BCF58004EF53D /* LaunchScreen.storyboard in Resources */ = {isa = PBXBuildFile; fileRef = CAEDD5F7233BCF58004EF53D /* LaunchScreen.storyboard */; };
/* End PBXBuildFile section */

/* Begin PBXFileReference section */
		CAEDD5E9233BCF57004EF53D /* BrailleQuiz.app */ = {isa = PBXFileReference; explicitFileType = wrapper.application; includeInIndex = 0; path = BrailleQuiz.app; sourceTree = BUILT_PRODUCTS_DIR; };
		CAEDD5EC233BCF57004EF53D /* AppDelegate.swift */ = {isa = PBXFileReference; lastKnownFileType = sourcecode.swift; path = AppDelegate.swift; sourceTree = "<group>"; };
		CAEDD5EE233BCF57004EF53D /* SceneDelegate.swift */ = {isa = PBXFileReference; lastKnownFileType = sourcecode.swift; path = SceneDelegate.swift; sourceTree = "<group>"; };
		CAEDD5F0233BCF57004EF53D /* ViewController.swift */ = {isa = PBXFileReference; lastKnownFileType = sourcecode.swift; path = ViewController.swift; sourceTree = "<group>"; };
		CAEDD5F3233BCF57004EF53D /* Base */ = {isa = PBXFileReference; lastKnownFileType = file.storyboard; name = Base; path = Base.lproj/Main.storyboard; sourceTree = "<group>"; };
		CAEDD5F5233BCF58004EF53D /* Assets.xcassets */ = {isa = PBXFileReference; lastKnownFileType = folder.assetcatalog; path = Assets.xcassets; sourceTree = "<group>"; };
		CAEDD5F8233BCF58004EF53D /* Base */ = {isa = PBXFileReference; lastKnownFileType = file.storyboard; name = Base; path = Base.lproj/LaunchScreen.storyboard; sourceTree = "<group>"; };
		CAEDD5FA233BCF58004EF53D /* Info.plist */ = {isa = PBXFileReference; lastKnownFileType = text.plist.xml; path = Info.plist; sourceTree = "<group>"; };
/* End PBXFileReference section */

/* Begin PBXFrameworksBuildPhase section */
		CAEDD5E6233BCF57004EF53D /* Frameworks */ = {
			isa = PBXFrameworksBuildPhase;
			buildActionMask = 2147483647;
			files = (
			);
			runOnlyForDeploymentPostprocessing = 0;
		};
/* End PBXFrameworksBuildPhase section */

/* Begin PBXGroup section */
		CAEDD5E0233BCF57004EF53D = {
			isa = PBXGroup;
			children = (
				CAEDD5EB233BCF57004EF53D /* BrailleQuiz */,
				CAEDD5EA233BCF57004EF53D /* Products */,
			);
			sourceTree = "<group>";
		};
		CAEDD5EA233BCF57004EF53D /* Products */ = {
			isa = PBXGroup;
			children = (
				CAEDD5E9233BCF57004EF53D /* BrailleQuiz.app */,
			);
			name = Products;
			sourceTree = "<group>";
		};
		CAEDD5EB233BCF57004EF53D /* BrailleQuiz */ = {
			isa = PBXGroup;
			children = (
				CAEDD5EC233BCF57004EF53D /* AppDelegate.swift */,
				CAEDD5EE233BCF57004EF53D /* SceneDelegate.swift */,
				CAEDD5F0233BCF57004EF53D /* ViewController.swift */,
				CAEDD5F2233BCF57004EF53D /* Main.storyboard */,
				CAEDD5F5233BCF58004EF53D /* Assets.xcassets */,
				CAEDD5F7233BCF58004EF53D /* LaunchScreen.storyboard */,
				CAEDD5FA233BCF58004EF53D /* Info.plist */,
			);
			path = BrailleQuiz;
			sourceTree = "<group>";
		};
/* End PBXGroup section */

/* Begin PBXNativeTarget section */
		CAEDD5E8233BCF57004EF53D /* BrailleQuiz */ = {
			isa = PBXNativeTarget;
			buildConfigurationList = CAEDD5FD233BCF58004EF53D /* Build configuration list for PBXNativeTarget "BrailleQuiz" */;
			buildPhases = (
				CAEDD5E5233BCF57004EF53D /* Sources */,
				CAEDD5E6233BCF57004EF53D /* Frameworks */,
				CAEDD5E7233BCF57004EF53D /* Resources */,
			);
			buildRules = (
			);
			dependencies = (
			);
			name = BrailleQuiz;
			productName = BrailleQuiz;
			productReference = CAEDD5E9233BCF57004EF53D /* BrailleQuiz.app */;
			productType = "com.apple.product-type.application";
		};
/* End PBXNativeTarget section */

/* Begin PBXProject section */
		CAEDD5E1233BCF57004EF53D /* Project object */ = {
			isa = PBXProject;
			attributes = {
				LastSwiftUpdateCheck = 1100;
				LastUpgradeCheck = 1100;
				ORGANIZATIONNAME = "MUSTAFA DOĞUŞ";
				TargetAttributes = {
					CAEDD5E8233BCF57004EF53D = {
						CreatedOnToolsVersion = 11.0;
					};
				};
			};
			buildConfigurationList = CAEDD5E4233BCF57004EF53D /* Build configuration list for PBXProject "BrailleQuiz" */;
			compatibilityVersion = "Xcode 9.3";
			developmentRegion = en;
			hasScannedForEncodings = 0;
			knownRegions = (
				en,
				Base,
			);
			mainGroup = CAEDD5E0233BCF57004EF53D;
			productRefGroup = CAEDD5EA233BCF57004EF53D /* Products */;
			projectDirPath = "";
			projectRoot = "";
			targets = (
				CAEDD5E8233BCF57004EF53D /* BrailleQuiz */,
			);
		};
/* End PBXProject section */

/* Begin PBXResourcesBuildPhase section */
		CAEDD5E7233BCF57004EF53D /* Resources */ = {
			isa = PBXResourcesBuildPhase;
			buildActionMask = 2147483647;
			files = (
				CAEDD5F9233BCF58004EF53D /* LaunchScreen.storyboard in Resources */,
				CAEDD5F6233BCF58004EF53D /* Assets.xcassets in Resources */,
				CAEDD5F4233BCF57004EF53D /* Main.storyboard in Resources */,
			);
			runOnlyForDeploymentPostprocessing = 0;
		};
/* End PBXResourcesBuildPhase section */

/* Begin PBXSourcesBuildPhase section */
		CAEDD5E5233BCF57004EF53D /* Sources */ = {
			isa = PBXSourcesBuildPhase;
			buildActionMask = 2147483647;
			files = (
				CAEDD5F1233BCF57004EF53D /* ViewController.swift in Sources */,
				CAEDD5ED233BCF57004EF53D /* AppDelegate.swift in Sources */,
				CAEDD5EF233BCF57004EF53D /* SceneDelegate.swift in Sources */,
			);
			runOnlyForDeploymentPostprocessing = 0;
		};
/* End PBXSourcesBuildPhase section */

/* Begin PBXVariantGroup section */
		CAEDD5F2233BCF57004EF53D /* Main.storyboard */ = {
			isa = PBXVariantGroup;
			children = (
				CAEDD5F3233BCF57004EF53D /* Base */,
			);
			name = Main.storyboard;
			sourceTree = "<group>";
		};
		CAEDD5F7233BCF58004EF53D /* LaunchScreen.storyboard */ = {
			isa = PBXVariantGroup;
			children = (
				CAEDD5F8233BCF58004EF53D /* Base */,
			);
			name = LaunchScreen.storyboard;
			sourceTree = "<group>";
		};
/* End PBXVariantGroup section */

/* Begin XCBuildConfiguration section */
		CAEDD5FB233BCF58004EF53D /* Debug */ = {
			isa = XCBuildConfiguration;
			buildSettings = {
				ALWAYS_SEARCH_USER_PATHS = NO;
				CLANG_ANALYZER_NONNULL = YES;
				CLANG_ANALYZER_NUMBER_OBJECT_CONVERSION = YES_AGGRESSIVE;
				CLANG_CXX_LANGUAGE_STANDARD = "gnu++14";
				CLANG_CXX_LIBRARY = "libc++";
				CLANG_ENABLE_MODULES = YES;
				CLANG_ENABLE_OBJC_ARC = YES;
				CLANG_ENABLE_OBJC_WEAK = YES;
				CLANG_WARN_BLOCK_CAPTURE_AUTORELEASING = YES;
				CLANG_WARN_BOOL_CONVERSION = YES;
				CLANG_WARN_COMMA = YES;
				CLANG_WARN_CONSTANT_CONVERSION = YES;
				CLANG_WARN_DEPRECATED_OBJC_IMPLEMENTATIONS = YES;
				CLANG_WARN_DIRECT_OBJC_ISA_USAGE = YES_ERROR;
				CLANG_WARN_DOCUMENTATION_COMMENTS = YES;
				CLANG_WARN_EMPTY_BODY = YES;
				CLANG_WARN_ENUM_CONVERSION = YES;
				CLANG_WARN_INFINITE_RECURSION = YES;
				CLANG_WARN_INT_CONVERSION = YES;
				CLANG_WARN_NON_LITERAL_NULL_CONVERSION = YES;
				CLANG_WARN_OBJC_IMPLICIT_RETAIN_SELF = YES;
				CLANG_WARN_OBJC_LITERAL_CONVERSION = YES;
				CLANG_WARN_OBJC_ROOT_CLASS = YES_ERROR;
				CLANG_WARN_RANGE_LOOP_ANALYSIS = YES;
				CLANG_WARN_STRICT_PROTOTYPES = YES;
				CLANG_WARN_SUSPICIOUS_MOVE = YES;
				CLANG_WARN_UNGUARDED_AVAILABILITY = YES_AGGRESSIVE;
				CLANG_WARN_UNREACHABLE_CODE = YES;
				CLANG_WARN__DUPLICATE_METHOD_MATCH = YES;
				COPY_PHASE_STRIP = NO;
				DEBUG_INFORMATION_FORMAT = dwarf;
				ENABLE_STRICT_OBJC_MSGSEND = YES;
				ENABLE_TESTABILITY = YES;
				GCC_C_LANGUAGE_STANDARD = gnu11;
				GCC_DYNAMIC_NO_PIC = NO;
				GCC_NO_COMMON_BLOCKS = YES;
				GCC_OPTIMIZATION_LEVEL = 0;
				GCC_PREPROCESSOR_DEFINITIONS = (
					"DEBUG=1",
					"$(inherited)",
				);
				GCC_WARN_64_TO_32_BIT_CONVERSION = YES;
				GCC_WARN_ABOUT_RETURN_TYPE = YES_ERROR;
				GCC_WARN_UNDECLARED_SELECTOR = YES;
				GCC_WARN_UNINITIALIZED_AUTOS = YES_AGGRESSIVE;
				GCC_WARN_UNUSED_FUNCTION = YES;
				GCC_WARN_UNUSED_VARIABLE = YES;
				IPHONEOS_DEPLOYMENT_TARGET = 13.0;
				MTL_ENABLE_DEBUG_INFO = INCLUDE_SOURCE;
				MTL_FAST_MATH = YES;
				ONLY_ACTIVE_ARCH = YES;
				SDKROOT = iphoneos;
				SWIFT_ACTIVE_COMPILATION_CONDITIONS = DEBUG;
				SWIFT_OPTIMIZATION_LEVEL = "-Onone";
			};
			name = Debug;
		};
		CAEDD5FC233BCF58004EF53D /* Release */ = {
			isa = XCBuildConfiguration;
			buildSettings = {
				ALWAYS_SEARCH_USER_PATHS = NO;
				CLANG_ANALYZER_NONNULL = YES;
				CLANG_ANALYZER_NUMBER_OBJECT_CONVERSION = YES_AGGRESSIVE;
				CLANG_CXX_LANGUAGE_STANDARD = "gnu++14";
				CLANG_CXX_LIBRARY = "libc++";
				CLANG_ENABLE_MODULES = YES;
				CLANG_ENABLE_OBJC_ARC = YES;
				CLANG_ENABLE_OBJC_WEAK = YES;
				CLANG_WARN_BLOCK_CAPTURE_AUTORELEASING = YES;
				CLANG_WARN_BOOL_CONVERSION = YES;
				CLANG_WARN_COMMA = YES;
				CLANG_WARN_CONSTANT_CONVERSION = YES;
				CLANG_WARN_DEPRECATED_OBJC_IMPLEMENTATIONS = YES;
				CLANG_WARN_DIRECT_OBJC_ISA_USAGE = YES_ERROR;
				CLANG_WARN_DOCUMENTATION_COMMENTS = YES;
				CLANG_WARN_EMPTY_BODY = YES;
				CLANG_WARN_ENUM_CONVERSION = YES;
				CLANG_WARN_INFINITE_RECURSION = YES;
				CLANG_WARN_INT_CONVERSION = YES;
				CLANG_WARN_NON_LITERAL_NULL_CONVERSION = YES;
				CLANG_WARN_OBJC_IMPLICIT_RETAIN_SELF = YES;
				CLANG_WARN_OBJC_LITERAL_CONVERSION = YES;
				CLANG_WARN_OBJC_ROOT_CLASS = YES_ERROR;
				CLANG_WARN_RANGE_LOOP_ANALYSIS = YES;
				CLANG_WARN_STRICT_PROTOTYPES = YES;
				CLANG_WARN_SUSPICIOUS_MOVE = YES;
				CLANG_WARN_UNGUARDED_AVAILABILITY = YES_AGGRESSIVE;
				CLANG_WARN_UNREACHABLE_CODE = YES;
				CLANG_WARN__DUPLICATE_METHOD_MATCH = YES;
				COPY_PHASE_STRIP = NO;
				DEBUG_INFORMATION_FORMAT = "dwarf-with-dsym";
				ENABLE_NS_ASSERTIONS = NO;
				ENABLE_STRICT_OBJC_MSGSEND = YES;
				GCC_C_LANGUAGE_STANDARD = gnu11;
				GCC_NO_COMMON_BLOCKS = YES;
				GCC_WARN_64_TO_32_BIT_CONVERSION = YES;
				GCC_WARN_ABOUT_RETURN_TYPE = YES_ERROR;
				GCC_WARN_UNDECLARED_SELECTOR = YES;
				GCC_WARN_UNINITIALIZED_AUTOS = YES_AGGRESSIVE;
				GCC_WARN_UNUSED_FUNCTION = YES;
				GCC_WARN_UNUSED_VARIABLE = YES;
				IPHONEOS_DEPLOYMENT_TARGET = 13.0;
				MTL_ENABLE_DEBUG_INFO = NO;
				MTL_FAST_MATH = YES;
				SDKROOT = iphoneos;
				SWIFT_COMPILATION_MODE = wholemodule;
				SWIFT_OPTIMIZATION_LEVEL = "-O";
				VALIDATE_PRODUCT = YES;
			};
			name = Release;
		};
		CAEDD5FE233BCF58004EF53D /* Debug */ = {
			isa = XCBuildConfiguration;
			buildSettings = {
				ASSETCATALOG_COMPILER_APPICON_NAME = AppIcon;
				CODE_SIGN_STYLE = Automatic;
				DEVELOPMENT_TEAM = Y74LK389KK;
				INFOPLIST_FILE = BrailleQuiz/Info.plist;
				LD_RUNPATH_SEARCH_PATHS = (
					"$(inherited)",
					"@executable_path/Frameworks",
				);
				PRODUCT_BUNDLE_IDENTIFIER = personal.mdogus.BrailleQuiz;
				PRODUCT_NAME = "$(TARGET_NAME)";
				SWIFT_VERSION = 5.0;
				TARGETED_DEVICE_FAMILY = "1,2";
			};
			name = Debug;
		};
		CAEDD5FF233BCF58004EF53D /* Release */ = {
			isa = XCBuildConfiguration;
			buildSettings = {
				ASSETCATALOG_COMPILER_APPICON_NAME = AppIcon;
				CODE_SIGN_STYLE = Automatic;
				DEVELOPMENT_TEAM = Y74LK389KK;
				INFOPLIST_FILE = BrailleQuiz/Info.plist;
				LD_RUNPATH_SEARCH_PATHS = (
					"$(inherited)",
					"@executable_path/Frameworks",
				);
				PRODUCT_BUNDLE_IDENTIFIER = personal.mdogus.BrailleQuiz;
				PRODUCT_NAME = "$(TARGET_NAME)";
				SWIFT_VERSION = 5.0;
				TARGETED_DEVICE_FAMILY = "1,2";
			};
			name = Release;
		};
/* End XCBuildConfiguration section */

/* Begin XCConfigurationList section */
		CAEDD5E4233BCF57004EF53D /* Build configuration list for PBXProject "BrailleQuiz" */ = {
			isa = XCConfigurationList;
			buildConfigurations = (
				CAEDD5FB233BCF58004EF53D /* Debug */,
				CAEDD5FC233BCF58004EF53D /* Release */,
			);
			defaultConfigurationIsVisible = 0;
			defaultConfigurationName = Release;
		};
		CAEDD5FD233BCF58004EF53D /* Build configuration list for PBXNativeTarget "BrailleQuiz" */ = {
			isa = XCConfigurationList;
			buildConfigurations = (
				CAEDD5FE233BCF58004EF53D /* Debug */,
				CAEDD5FF233BCF58004EF53D /* Release */,
			);
			defaultConfigurationIsVisible = 0;
			defaultConfigurationName = Release;
		};
/* End XCConfigurationList section */
	};
	rootObject = CAEDD5E1233BCF57004EF53D /* Project object */;
}
